// !$*UTF8*$!
{
	archiveVersion = 1;
	classes = {
	};
	objectVersion = 48;
	objects = {

/* Begin PBXBuildFile section */
		CA02B0AF208F12ED006C8368 /* HStackLayout.swift in Sources */ = {isa = PBXBuildFile; fileRef = CA02B0AE208F12EC006C8368 /* HStackLayout.swift */; };
		CA160CD52077EB7900BAF309 /* Items.swift in Sources */ = {isa = PBXBuildFile; fileRef = CA160CCF2077EB7900BAF309 /* Items.swift */; };
		CA160CD62077EB7900BAF309 /* Image.swift in Sources */ = {isa = PBXBuildFile; fileRef = CA160CD02077EB7900BAF309 /* Image.swift */; };
		CA160CD72077EB7900BAF309 /* Table.swift in Sources */ = {isa = PBXBuildFile; fileRef = CA160CD12077EB7900BAF309 /* Table.swift */; };
		CA160CD92077EB7900BAF309 /* ViewElement.swift in Sources */ = {isa = PBXBuildFile; fileRef = CA160CD32077EB7900BAF309 /* ViewElement.swift */; };
		CA22B9E52091FCAD00A0C058 /* PageLayout.swift in Sources */ = {isa = PBXBuildFile; fileRef = CA22B9E42091FCAD00A0C058 /* PageLayout.swift */; };
		CA22B9E82092D2FD00A0C058 /* AutoScrollController.swift in Sources */ = {isa = PBXBuildFile; fileRef = CA22B9E72092D2FD00A0C058 /* AutoScrollController.swift */; };
		CA24151920773BA00062CAC4 /* UIView+HostElment.swift in Sources */ = {isa = PBXBuildFile; fileRef = CA24151820773BA00062CAC4 /* UIView+HostElment.swift */; };
		CA24151B20773BBC0062CAC4 /* VC+HostElement.swift in Sources */ = {isa = PBXBuildFile; fileRef = CA24151A20773BBC0062CAC4 /* VC+HostElement.swift */; };
		CA2EE0F0209F3BD800353A2E /* UniformLayout.swift in Sources */ = {isa = PBXBuildFile; fileRef = CA2EE0EF209F3BD800353A2E /* UniformLayout.swift */; };
		CA2EE0F2209F5EEE00353A2E /* UniformPagingLayout.swift in Sources */ = {isa = PBXBuildFile; fileRef = CA2EE0F1209F5EEE00353A2E /* UniformPagingLayout.swift */; };
		CA31366520340C0100BFE06A /* DeclareLayoutSwift.h in Headers */ = {isa = PBXBuildFile; fileRef = CA31366320340C0100BFE06A /* DeclareLayoutSwift.h */; settings = {ATTRIBUTES = (Public, ); }; };
		CA31368F20340C3100BFE06A /* Panel.swift in Sources */ = {isa = PBXBuildFile; fileRef = CA31366E20340C3100BFE06A /* Panel.swift */; };
		CA31369020340C3100BFE06A /* Grid.swift in Sources */ = {isa = PBXBuildFile; fileRef = CA31366F20340C3100BFE06A /* Grid.swift */; };
		CA31369120340C3100BFE06A /* StackPanel.swift in Sources */ = {isa = PBXBuildFile; fileRef = CA31367020340C3100BFE06A /* StackPanel.swift */; };
		CA31369220340C3100BFE06A /* UniformGrid.swift in Sources */ = {isa = PBXBuildFile; fileRef = CA31367120340C3100BFE06A /* UniformGrid.swift */; };
		CA3136A320340C3100BFE06A /* Layoutable.swift in Sources */ = {isa = PBXBuildFile; fileRef = CA31368820340C3100BFE06A /* Layoutable.swift */; };
		CA3136A420340C3100BFE06A /* UIElement.swift in Sources */ = {isa = PBXBuildFile; fileRef = CA31368920340C3100BFE06A /* UIElement.swift */; };
		CA3136A620340C3100BFE06A /* CGSize+DeclareLayout.swift in Sources */ = {isa = PBXBuildFile; fileRef = CA31368C20340C3100BFE06A /* CGSize+DeclareLayout.swift */; };
		CA3136A720340C3100BFE06A /* ObservableArray.swift in Sources */ = {isa = PBXBuildFile; fileRef = CA31368D20340C3100BFE06A /* ObservableArray.swift */; };
		CA3136A820340C3100BFE06A /* Insets.swift in Sources */ = {isa = PBXBuildFile; fileRef = CA31368E20340C3100BFE06A /* Insets.swift */; };
		CA3136AB20340CAD00BFE06A /* SpeedLog.swift in Sources */ = {isa = PBXBuildFile; fileRef = CA3136AA20340CAD00BFE06A /* SpeedLog.swift */; };
		CA8EB304209CAAB80072F368 /* SelfSizingLayoutBase.swift in Sources */ = {isa = PBXBuildFile; fileRef = CA8EB303209CAAB80072F368 /* SelfSizingLayoutBase.swift */; };
		CA9E943620A3FA950080C0CB /* KeyValueObserver.swift in Sources */ = {isa = PBXBuildFile; fileRef = CA9E943520A3FA950080C0CB /* KeyValueObserver.swift */; };
		CA9E943820A420110080C0CB /* Aspects.framework in Frameworks */ = {isa = PBXBuildFile; fileRef = CA9E943720A420110080C0CB /* Aspects.framework */; };
		CA9E943F20AAFBA50080C0CB /* UICollectionViewInfiniteLoopHook.swift in Sources */ = {isa = PBXBuildFile; fileRef = CA9E943E20AAFBA50080C0CB /* UICollectionViewInfiniteLoopHook.swift */; };
		CAC092FF207C6DBC00809891 /* DisposeBag.swift in Sources */ = {isa = PBXBuildFile; fileRef = CAC092FE207C6DBC00809891 /* DisposeBag.swift */; };
		CAC09302207CDA9100809891 /* PanelProperty.swift in Sources */ = {isa = PBXBuildFile; fileRef = CAC09301207CDA9100809891 /* PanelProperty.swift */; };
		CAD917282059850500A8CFA5 /* SDWebImage.framework in Frameworks */ = {isa = PBXBuildFile; fileRef = CAD917272059850500A8CFA5 /* SDWebImage.framework */; };
		CADA402720A022F500DB24F9 /* PageCtrlController.swift in Sources */ = {isa = PBXBuildFile; fileRef = CADA402620A022F500DB24F9 /* PageCtrlController.swift */; };
		CADA402D20A040A400DB24F9 /* UICollectionViewFactory.swift in Sources */ = {isa = PBXBuildFile; fileRef = CADA402C20A040A400DB24F9 /* UICollectionViewFactory.swift */; };
		CADA403220A2C2DA00DB24F9 /* DelegateHookBase.swift in Sources */ = {isa = PBXBuildFile; fileRef = CADA403120A2C2DA00DB24F9 /* DelegateHookBase.swift */; };
		CAE88607207E29CC00B803C2 /* LinearGrid.swift in Sources */ = {isa = PBXBuildFile; fileRef = CAE88606207E29CC00B803C2 /* LinearGrid.swift */; };
		CAE960D020620BC000BE6304 /* HostView.swift in Sources */ = {isa = PBXBuildFile; fileRef = CAE960CF20620BC000BE6304 /* HostView.swift */; };
		CAE960D220620BDC00BE6304 /* TableCellHost.swift in Sources */ = {isa = PBXBuildFile; fileRef = CAE960D120620BDC00BE6304 /* TableCellHost.swift */; };
		CAE960D420620C2500BE6304 /* CollectionViewHostCell.swift in Sources */ = {isa = PBXBuildFile; fileRef = CAE960D320620C2500BE6304 /* CollectionViewHostCell.swift */; };
		CAF63FB6205926D700C647D4 /* UIColor+Parse.swift in Sources */ = {isa = PBXBuildFile; fileRef = CAF63FB5205926D700C647D4 /* UIColor+Parse.swift */; };
		CAF7EEAB2073CFDF00B85328 /* SupportStoreProperty.swift in Sources */ = {isa = PBXBuildFile; fileRef = CAF7EEAA2073CFDF00B85328 /* SupportStoreProperty.swift */; };
		CAF919D2203F1BCB0087ACFA /* PropertyBase.swift in Sources */ = {isa = PBXBuildFile; fileRef = CAF919C3203F1BCB0087ACFA /* PropertyBase.swift */; };
		CAF919D3203F1BCB0087ACFA /* LayoutableProperty.swift in Sources */ = {isa = PBXBuildFile; fileRef = CAF919C4203F1BCB0087ACFA /* LayoutableProperty.swift */; };
		CAF919D4203F1BCB0087ACFA /* StackPanelProperty.swift in Sources */ = {isa = PBXBuildFile; fileRef = CAF919C6203F1BCB0087ACFA /* StackPanelProperty.swift */; };
		CAF919D5203F1BCB0087ACFA /* GridProperty.swift in Sources */ = {isa = PBXBuildFile; fileRef = CAF919C7203F1BCB0087ACFA /* GridProperty.swift */; };
		CAF919D6203F1BCB0087ACFA /* Operators.swift in Sources */ = {isa = PBXBuildFile; fileRef = CAF919C8203F1BCB0087ACFA /* Operators.swift */; };
/* End PBXBuildFile section */

/* Begin PBXFileReference section */
		CA02B0AE208F12EC006C8368 /* HStackLayout.swift */ = {isa = PBXFileReference; lastKnownFileType = sourcecode.swift; path = HStackLayout.swift; sourceTree = "<group>"; };
		CA160CCF2077EB7900BAF309 /* Items.swift */ = {isa = PBXFileReference; fileEncoding = 4; lastKnownFileType = sourcecode.swift; path = Items.swift; sourceTree = "<group>"; };
		CA160CD02077EB7900BAF309 /* Image.swift */ = {isa = PBXFileReference; fileEncoding = 4; lastKnownFileType = sourcecode.swift; path = Image.swift; sourceTree = "<group>"; };
		CA160CD12077EB7900BAF309 /* Table.swift */ = {isa = PBXFileReference; fileEncoding = 4; lastKnownFileType = sourcecode.swift; path = Table.swift; sourceTree = "<group>"; };
		CA160CD32077EB7900BAF309 /* ViewElement.swift */ = {isa = PBXFileReference; fileEncoding = 4; lastKnownFileType = sourcecode.swift; path = ViewElement.swift; sourceTree = "<group>"; };
		CA22B9E42091FCAD00A0C058 /* PageLayout.swift */ = {isa = PBXFileReference; lastKnownFileType = sourcecode.swift; path = PageLayout.swift; sourceTree = "<group>"; };
		CA22B9E72092D2FD00A0C058 /* AutoScrollController.swift */ = {isa = PBXFileReference; lastKnownFileType = sourcecode.swift; path = AutoScrollController.swift; sourceTree = "<group>"; };
		CA24151820773BA00062CAC4 /* UIView+HostElment.swift */ = {isa = PBXFileReference; lastKnownFileType = sourcecode.swift; path = "UIView+HostElment.swift"; sourceTree = "<group>"; };
		CA24151A20773BBC0062CAC4 /* VC+HostElement.swift */ = {isa = PBXFileReference; lastKnownFileType = sourcecode.swift; path = "VC+HostElement.swift"; sourceTree = "<group>"; };
		CA2EE0EF209F3BD800353A2E /* UniformLayout.swift */ = {isa = PBXFileReference; lastKnownFileType = sourcecode.swift; path = UniformLayout.swift; sourceTree = "<group>"; };
		CA2EE0F1209F5EEE00353A2E /* UniformPagingLayout.swift */ = {isa = PBXFileReference; lastKnownFileType = sourcecode.swift; path = UniformPagingLayout.swift; sourceTree = "<group>"; };
		CA31366020340C0100BFE06A /* DeclareLayoutSwift.framework */ = {isa = PBXFileReference; explicitFileType = wrapper.framework; includeInIndex = 0; path = DeclareLayoutSwift.framework; sourceTree = BUILT_PRODUCTS_DIR; };
		CA31366320340C0100BFE06A /* DeclareLayoutSwift.h */ = {isa = PBXFileReference; lastKnownFileType = sourcecode.c.h; path = DeclareLayoutSwift.h; sourceTree = "<group>"; };
		CA31366420340C0100BFE06A /* Info.plist */ = {isa = PBXFileReference; lastKnownFileType = text.plist.xml; path = Info.plist; sourceTree = "<group>"; };
		CA31366E20340C3100BFE06A /* Panel.swift */ = {isa = PBXFileReference; fileEncoding = 4; lastKnownFileType = sourcecode.swift; path = Panel.swift; sourceTree = "<group>"; };
		CA31366F20340C3100BFE06A /* Grid.swift */ = {isa = PBXFileReference; fileEncoding = 4; lastKnownFileType = sourcecode.swift; path = Grid.swift; sourceTree = "<group>"; };
		CA31367020340C3100BFE06A /* StackPanel.swift */ = {isa = PBXFileReference; fileEncoding = 4; lastKnownFileType = sourcecode.swift; path = StackPanel.swift; sourceTree = "<group>"; };
		CA31367120340C3100BFE06A /* UniformGrid.swift */ = {isa = PBXFileReference; fileEncoding = 4; lastKnownFileType = sourcecode.swift; path = UniformGrid.swift; sourceTree = "<group>"; };
		CA31368820340C3100BFE06A /* Layoutable.swift */ = {isa = PBXFileReference; fileEncoding = 4; lastKnownFileType = sourcecode.swift; path = Layoutable.swift; sourceTree = "<group>"; };
		CA31368920340C3100BFE06A /* UIElement.swift */ = {isa = PBXFileReference; fileEncoding = 4; lastKnownFileType = sourcecode.swift; path = UIElement.swift; sourceTree = "<group>"; };
		CA31368C20340C3100BFE06A /* CGSize+DeclareLayout.swift */ = {isa = PBXFileReference; fileEncoding = 4; lastKnownFileType = sourcecode.swift; path = "CGSize+DeclareLayout.swift"; sourceTree = "<group>"; };
		CA31368D20340C3100BFE06A /* ObservableArray.swift */ = {isa = PBXFileReference; fileEncoding = 4; lastKnownFileType = sourcecode.swift; path = ObservableArray.swift; sourceTree = "<group>"; };
		CA31368E20340C3100BFE06A /* Insets.swift */ = {isa = PBXFileReference; fileEncoding = 4; lastKnownFileType = sourcecode.swift; path = Insets.swift; sourceTree = "<group>"; };
		CA3136AA20340CAD00BFE06A /* SpeedLog.swift */ = {isa = PBXFileReference; fileEncoding = 4; lastKnownFileType = sourcecode.swift; path = SpeedLog.swift; sourceTree = "<group>"; };
		CA8EB303209CAAB80072F368 /* SelfSizingLayoutBase.swift */ = {isa = PBXFileReference; lastKnownFileType = sourcecode.swift; path = SelfSizingLayoutBase.swift; sourceTree = "<group>"; };
		CA9E943520A3FA950080C0CB /* KeyValueObserver.swift */ = {isa = PBXFileReference; lastKnownFileType = sourcecode.swift; path = KeyValueObserver.swift; sourceTree = "<group>"; };
		CA9E943720A420110080C0CB /* Aspects.framework */ = {isa = PBXFileReference; lastKnownFileType = wrapper.framework; name = Aspects.framework; path = ../Carthage/Build/iOS/Aspects.framework; sourceTree = "<group>"; };
		CA9E943E20AAFBA50080C0CB /* UICollectionViewInfiniteLoopHook.swift */ = {isa = PBXFileReference; lastKnownFileType = sourcecode.swift; path = UICollectionViewInfiniteLoopHook.swift; sourceTree = "<group>"; };
		CAC092FE207C6DBC00809891 /* DisposeBag.swift */ = {isa = PBXFileReference; lastKnownFileType = sourcecode.swift; path = DisposeBag.swift; sourceTree = "<group>"; };
		CAC09301207CDA9100809891 /* PanelProperty.swift */ = {isa = PBXFileReference; lastKnownFileType = sourcecode.swift; path = PanelProperty.swift; sourceTree = "<group>"; };
		CAD917272059850500A8CFA5 /* SDWebImage.framework */ = {isa = PBXFileReference; lastKnownFileType = wrapper.framework; name = SDWebImage.framework; path = ../Carthage/Build/iOS/SDWebImage.framework; sourceTree = "<group>"; };
		CADA402620A022F500DB24F9 /* PageCtrlController.swift */ = {isa = PBXFileReference; lastKnownFileType = sourcecode.swift; path = PageCtrlController.swift; sourceTree = "<group>"; };
		CADA402C20A040A400DB24F9 /* UICollectionViewFactory.swift */ = {isa = PBXFileReference; lastKnownFileType = sourcecode.swift; path = UICollectionViewFactory.swift; sourceTree = "<group>"; };
		CADA403120A2C2DA00DB24F9 /* DelegateHookBase.swift */ = {isa = PBXFileReference; lastKnownFileType = sourcecode.swift; path = DelegateHookBase.swift; sourceTree = "<group>"; };
		CAE88606207E29CC00B803C2 /* LinearGrid.swift */ = {isa = PBXFileReference; lastKnownFileType = sourcecode.swift; path = LinearGrid.swift; sourceTree = "<group>"; };
		CAE960CF20620BC000BE6304 /* HostView.swift */ = {isa = PBXFileReference; fileEncoding = 4; lastKnownFileType = sourcecode.swift; path = HostView.swift; sourceTree = "<group>"; };
		CAE960D120620BDC00BE6304 /* TableCellHost.swift */ = {isa = PBXFileReference; lastKnownFileType = sourcecode.swift; path = TableCellHost.swift; sourceTree = "<group>"; };
		CAE960D320620C2500BE6304 /* CollectionViewHostCell.swift */ = {isa = PBXFileReference; lastKnownFileType = sourcecode.swift; path = CollectionViewHostCell.swift; sourceTree = "<group>"; };
		CAF63FB5205926D700C647D4 /* UIColor+Parse.swift */ = {isa = PBXFileReference; lastKnownFileType = sourcecode.swift; path = "UIColor+Parse.swift"; sourceTree = "<group>"; };
		CAF7EEAA2073CFDF00B85328 /* SupportStoreProperty.swift */ = {isa = PBXFileReference; lastKnownFileType = sourcecode.swift; path = SupportStoreProperty.swift; sourceTree = "<group>"; };
		CAF919C3203F1BCB0087ACFA /* PropertyBase.swift */ = {isa = PBXFileReference; fileEncoding = 4; lastKnownFileType = sourcecode.swift; path = PropertyBase.swift; sourceTree = "<group>"; };
		CAF919C4203F1BCB0087ACFA /* LayoutableProperty.swift */ = {isa = PBXFileReference; fileEncoding = 4; lastKnownFileType = sourcecode.swift; path = LayoutableProperty.swift; sourceTree = "<group>"; };
		CAF919C6203F1BCB0087ACFA /* StackPanelProperty.swift */ = {isa = PBXFileReference; fileEncoding = 4; lastKnownFileType = sourcecode.swift; path = StackPanelProperty.swift; sourceTree = "<group>"; };
		CAF919C7203F1BCB0087ACFA /* GridProperty.swift */ = {isa = PBXFileReference; fileEncoding = 4; lastKnownFileType = sourcecode.swift; path = GridProperty.swift; sourceTree = "<group>"; };
		CAF919C8203F1BCB0087ACFA /* Operators.swift */ = {isa = PBXFileReference; fileEncoding = 4; lastKnownFileType = sourcecode.swift; path = Operators.swift; sourceTree = "<group>"; };
/* End PBXFileReference section */

/* Begin PBXFrameworksBuildPhase section */
		CA31365C20340C0100BFE06A /* Frameworks */ = {
			isa = PBXFrameworksBuildPhase;
			buildActionMask = 2147483647;
			files = (
				CA9E943820A420110080C0CB /* Aspects.framework in Frameworks */,
				CAD917282059850500A8CFA5 /* SDWebImage.framework in Frameworks */,
			);
			runOnlyForDeploymentPostprocessing = 0;
		};
/* End PBXFrameworksBuildPhase section */

/* Begin PBXGroup section */
		CA02B0AD208F12D6006C8368 /* CollectionViewLayout */ = {
			isa = PBXGroup;
			children = (
				CA8EB303209CAAB80072F368 /* SelfSizingLayoutBase.swift */,
				CA02B0AE208F12EC006C8368 /* HStackLayout.swift */,
				CA22B9E42091FCAD00A0C058 /* PageLayout.swift */,
				CA2EE0EF209F3BD800353A2E /* UniformLayout.swift */,
				CA2EE0F1209F5EEE00353A2E /* UniformPagingLayout.swift */,
				CADA402C20A040A400DB24F9 /* UICollectionViewFactory.swift */,
			);
			path = CollectionViewLayout;
			sourceTree = "<group>";
		};
		CA160CCE2077EB7900BAF309 /* ViewElement */ = {
			isa = PBXGroup;
			children = (
				CA160CD32077EB7900BAF309 /* ViewElement.swift */,
				CA160CCF2077EB7900BAF309 /* Items.swift */,
				CA160CD12077EB7900BAF309 /* Table.swift */,
				CA160CD02077EB7900BAF309 /* Image.swift */,
			);
			path = ViewElement;
			sourceTree = "<group>";
		};
		CA22B9E62092D2EB00A0C058 /* Controllers */ = {
			isa = PBXGroup;
			children = (
				CA22B9E72092D2FD00A0C058 /* AutoScrollController.swift */,
				CADA402620A022F500DB24F9 /* PageCtrlController.swift */,
			);
			path = Controllers;
			sourceTree = "<group>";
		};
		CA31365620340C0100BFE06A = {
			isa = PBXGroup;
			children = (
				CA31366220340C0100BFE06A /* DeclareLayoutSwift */,
				CA31366120340C0100BFE06A /* Products */,
				CA9243E020597EEE0005406E /* Frameworks */,
			);
			sourceTree = "<group>";
		};
		CA31366120340C0100BFE06A /* Products */ = {
			isa = PBXGroup;
			children = (
				CA31366020340C0100BFE06A /* DeclareLayoutSwift.framework */,
			);
			name = Products;
			sourceTree = "<group>";
		};
		CA31366220340C0100BFE06A /* DeclareLayoutSwift */ = {
			isa = PBXGroup;
			children = (
				CA31366B20340C3100BFE06A /* Source */,
				CA31366320340C0100BFE06A /* DeclareLayoutSwift.h */,
				CA31366420340C0100BFE06A /* Info.plist */,
			);
			path = DeclareLayoutSwift;
			sourceTree = "<group>";
		};
		CA31366B20340C3100BFE06A /* Source */ = {
			isa = PBXGroup;
			children = (
				CA3136A920340C9A00BFE06A /* Helper */,
				CA31366C20340C3100BFE06A /* Layoutable */,
				CAF919C2203F1BCB0087ACFA /* Operators */,
				CA31368A20340C3100BFE06A /* Data */,
			);
			path = Source;
			sourceTree = "<group>";
		};
		CA31366C20340C3100BFE06A /* Layoutable */ = {
			isa = PBXGroup;
			children = (
				CA31368720340C3100BFE06A /* Base */,
				CA31366D20340C3100BFE06A /* Panel */,
				CA31368220340C3100BFE06A /* Interact */,
			);
			path = Layoutable;
			sourceTree = "<group>";
		};
		CA31366D20340C3100BFE06A /* Panel */ = {
			isa = PBXGroup;
			children = (
				CA31366E20340C3100BFE06A /* Panel.swift */,
				CA31366F20340C3100BFE06A /* Grid.swift */,
				CAE88606207E29CC00B803C2 /* LinearGrid.swift */,
				CA31367020340C3100BFE06A /* StackPanel.swift */,
				CA31367120340C3100BFE06A /* UniformGrid.swift */,
			);
			path = Panel;
			sourceTree = "<group>";
		};
		CA31368220340C3100BFE06A /* Interact */ = {
			isa = PBXGroup;
			children = (
				CAE960CE20620BC000BE6304 /* Host */,
				CA160CCE2077EB7900BAF309 /* ViewElement */,
				CA02B0AD208F12D6006C8368 /* CollectionViewLayout */,
				CA22B9E62092D2EB00A0C058 /* Controllers */,
				CADA403020A2C2B800DB24F9 /* DelegateHook */,
			);
			path = Interact;
			sourceTree = "<group>";
		};
		CA31368720340C3100BFE06A /* Base */ = {
			isa = PBXGroup;
			children = (
				CAF7EEAA2073CFDF00B85328 /* SupportStoreProperty.swift */,
				CAC092FE207C6DBC00809891 /* DisposeBag.swift */,
				CA31368820340C3100BFE06A /* Layoutable.swift */,
				CA31368920340C3100BFE06A /* UIElement.swift */,
			);
			path = Base;
			sourceTree = "<group>";
		};
		CA31368A20340C3100BFE06A /* Data */ = {
			isa = PBXGroup;
			children = (
				CA31368C20340C3100BFE06A /* CGSize+DeclareLayout.swift */,
				CA31368D20340C3100BFE06A /* ObservableArray.swift */,
				CA31368E20340C3100BFE06A /* Insets.swift */,
			);
			path = Data;
			sourceTree = "<group>";
		};
		CA3136A920340C9A00BFE06A /* Helper */ = {
			isa = PBXGroup;
			children = (
				CA3136AA20340CAD00BFE06A /* SpeedLog.swift */,
				CAF63FB5205926D700C647D4 /* UIColor+Parse.swift */,
				CA9E943520A3FA950080C0CB /* KeyValueObserver.swift */,
			);
			path = Helper;
			sourceTree = "<group>";
		};
		CA9243E020597EEE0005406E /* Frameworks */ = {
			isa = PBXGroup;
			children = (
				CA9E943720A420110080C0CB /* Aspects.framework */,
				CAD917272059850500A8CFA5 /* SDWebImage.framework */,
			);
			name = Frameworks;
			sourceTree = "<group>";
		};
		CADA403020A2C2B800DB24F9 /* DelegateHook */ = {
			isa = PBXGroup;
			children = (
				CADA403120A2C2DA00DB24F9 /* DelegateHookBase.swift */,
				CA9E943E20AAFBA50080C0CB /* UICollectionViewInfiniteLoopHook.swift */,
			);
			path = DelegateHook;
			sourceTree = "<group>";
		};
		CAE960CE20620BC000BE6304 /* Host */ = {
			isa = PBXGroup;
			children = (
				CAE960CF20620BC000BE6304 /* HostView.swift */,
				CAE960D120620BDC00BE6304 /* TableCellHost.swift */,
				CAE960D320620C2500BE6304 /* CollectionViewHostCell.swift */,
				CA24151820773BA00062CAC4 /* UIView+HostElment.swift */,
				CA24151A20773BBC0062CAC4 /* VC+HostElement.swift */,
			);
			path = Host;
			sourceTree = "<group>";
		};
		CAF919C2203F1BCB0087ACFA /* Operators */ = {
			isa = PBXGroup;
			children = (
				CAF919C3203F1BCB0087ACFA /* PropertyBase.swift */,
				CAF919C4203F1BCB0087ACFA /* LayoutableProperty.swift */,
				CAF919C8203F1BCB0087ACFA /* Operators.swift */,
				CAF919C5203F1BCB0087ACFA /* Panel */,
			);
			path = Operators;
			sourceTree = "<group>";
		};
		CAF919C5203F1BCB0087ACFA /* Panel */ = {
			isa = PBXGroup;
			children = (
				CAC09301207CDA9100809891 /* PanelProperty.swift */,
				CAF919C6203F1BCB0087ACFA /* StackPanelProperty.swift */,
				CAF919C7203F1BCB0087ACFA /* GridProperty.swift */,
			);
			path = Panel;
			sourceTree = "<group>";
		};
/* End PBXGroup section */

/* Begin PBXHeadersBuildPhase section */
		CA31365D20340C0100BFE06A /* Headers */ = {
			isa = PBXHeadersBuildPhase;
			buildActionMask = 2147483647;
			files = (
				CA31366520340C0100BFE06A /* DeclareLayoutSwift.h in Headers */,
			);
			runOnlyForDeploymentPostprocessing = 0;
		};
/* End PBXHeadersBuildPhase section */

/* Begin PBXNativeTarget section */
		CA31365F20340C0100BFE06A /* DeclareLayoutSwift */ = {
			isa = PBXNativeTarget;
			buildConfigurationList = CA31366820340C0100BFE06A /* Build configuration list for PBXNativeTarget "DeclareLayoutSwift" */;
			buildPhases = (
				CA31365B20340C0100BFE06A /* Sources */,
				CA31365C20340C0100BFE06A /* Frameworks */,
				CA31365D20340C0100BFE06A /* Headers */,
				CA31365E20340C0100BFE06A /* Resources */,
			);
			buildRules = (
			);
			dependencies = (
			);
			name = DeclareLayoutSwift;
			productName = DeclareLayoutSwift;
			productReference = CA31366020340C0100BFE06A /* DeclareLayoutSwift.framework */;
			productType = "com.apple.product-type.framework";
		};
/* End PBXNativeTarget section */

/* Begin PBXProject section */
		CA31365720340C0100BFE06A /* Project object */ = {
			isa = PBXProject;
			attributes = {
				LastUpgradeCheck = 0930;
				ORGANIZATIONNAME = com.yasoon;
				TargetAttributes = {
					CA31365F20340C0100BFE06A = {
						CreatedOnToolsVersion = 9.2;
						LastSwiftMigration = 0930;
						ProvisioningStyle = Automatic;
					};
				};
			};
			buildConfigurationList = CA31365A20340C0100BFE06A /* Build configuration list for PBXProject "DeclareLayoutSwift" */;
			compatibilityVersion = "Xcode 8.0";
			developmentRegion = en;
			hasScannedForEncodings = 0;
			knownRegions = (
				en,
			);
			mainGroup = CA31365620340C0100BFE06A;
			productRefGroup = CA31366120340C0100BFE06A /* Products */;
			projectDirPath = "";
			projectRoot = "";
			targets = (
				CA31365F20340C0100BFE06A /* DeclareLayoutSwift */,
			);
		};
/* End PBXProject section */

/* Begin PBXResourcesBuildPhase section */
		CA31365E20340C0100BFE06A /* Resources */ = {
			isa = PBXResourcesBuildPhase;
			buildActionMask = 2147483647;
			files = (
			);
			runOnlyForDeploymentPostprocessing = 0;
		};
/* End PBXResourcesBuildPhase section */

/* Begin PBXSourcesBuildPhase section */
		CA31365B20340C0100BFE06A /* Sources */ = {
			isa = PBXSourcesBuildPhase;
			buildActionMask = 2147483647;
			files = (
				CA160CD52077EB7900BAF309 /* Items.swift in Sources */,
				CA22B9E82092D2FD00A0C058 /* AutoScrollController.swift in Sources */,
				CAF919D4203F1BCB0087ACFA /* StackPanelProperty.swift in Sources */,
				CAC09302207CDA9100809891 /* PanelProperty.swift in Sources */,
				CA2EE0F0209F3BD800353A2E /* UniformLayout.swift in Sources */,
				CAE960D020620BC000BE6304 /* HostView.swift in Sources */,
				CA24151920773BA00062CAC4 /* UIView+HostElment.swift in Sources */,
				CA8EB304209CAAB80072F368 /* SelfSizingLayoutBase.swift in Sources */,
				CADA402720A022F500DB24F9 /* PageCtrlController.swift in Sources */,
				CAE960D420620C2500BE6304 /* CollectionViewHostCell.swift in Sources */,
				CAF919D6203F1BCB0087ACFA /* Operators.swift in Sources */,
				CA31368F20340C3100BFE06A /* Panel.swift in Sources */,
				CA24151B20773BBC0062CAC4 /* VC+HostElement.swift in Sources */,
				CA2EE0F2209F5EEE00353A2E /* UniformPagingLayout.swift in Sources */,
				CAF919D5203F1BCB0087ACFA /* GridProperty.swift in Sources */,
				CA3136A420340C3100BFE06A /* UIElement.swift in Sources */,
				CA3136A320340C3100BFE06A /* Layoutable.swift in Sources */,
				CAC092FF207C6DBC00809891 /* DisposeBag.swift in Sources */,
				CA9E943620A3FA950080C0CB /* KeyValueObserver.swift in Sources */,
				CA22B9E52091FCAD00A0C058 /* PageLayout.swift in Sources */,
				CA160CD62077EB7900BAF309 /* Image.swift in Sources */,
				CA31369020340C3100BFE06A /* Grid.swift in Sources */,
				CAE960D220620BDC00BE6304 /* TableCellHost.swift in Sources */,
				CAF63FB6205926D700C647D4 /* UIColor+Parse.swift in Sources */,
				CADA402D20A040A400DB24F9 /* UICollectionViewFactory.swift in Sources */,
				CAF7EEAB2073CFDF00B85328 /* SupportStoreProperty.swift in Sources */,
				CA02B0AF208F12ED006C8368 /* HStackLayout.swift in Sources */,
				CAF919D3203F1BCB0087ACFA /* LayoutableProperty.swift in Sources */,
				CAE88607207E29CC00B803C2 /* LinearGrid.swift in Sources */,
				CA3136AB20340CAD00BFE06A /* SpeedLog.swift in Sources */,
				CAF919D2203F1BCB0087ACFA /* PropertyBase.swift in Sources */,
				CA31369220340C3100BFE06A /* UniformGrid.swift in Sources */,
				CADA403220A2C2DA00DB24F9 /* DelegateHookBase.swift in Sources */,
				CA9E943F20AAFBA50080C0CB /* UICollectionViewInfiniteLoopHook.swift in Sources */,
				CA3136A620340C3100BFE06A /* CGSize+DeclareLayout.swift in Sources */,
				CA160CD92077EB7900BAF309 /* ViewElement.swift in Sources */,
				CA3136A820340C3100BFE06A /* Insets.swift in Sources */,
				CA160CD72077EB7900BAF309 /* Table.swift in Sources */,
				CA31369120340C3100BFE06A /* StackPanel.swift in Sources */,
				CA3136A720340C3100BFE06A /* ObservableArray.swift in Sources */,
			);
			runOnlyForDeploymentPostprocessing = 0;
		};
/* End PBXSourcesBuildPhase section */

/* Begin XCBuildConfiguration section */
		CA31366620340C0100BFE06A /* Debug */ = {
			isa = XCBuildConfiguration;
			buildSettings = {
				ALWAYS_SEARCH_USER_PATHS = NO;
				CLANG_ANALYZER_NONNULL = YES;
				CLANG_ANALYZER_NUMBER_OBJECT_CONVERSION = YES_AGGRESSIVE;
				CLANG_CXX_LANGUAGE_STANDARD = "gnu++14";
				CLANG_CXX_LIBRARY = "libc++";
				CLANG_ENABLE_MODULES = YES;
				CLANG_ENABLE_OBJC_ARC = YES;
				CLANG_WARN_BLOCK_CAPTURE_AUTORELEASING = YES;
				CLANG_WARN_BOOL_CONVERSION = YES;
				CLANG_WARN_COMMA = YES;
				CLANG_WARN_CONSTANT_CONVERSION = YES;
				CLANG_WARN_DEPRECATED_OBJC_IMPLEMENTATIONS = YES;
				CLANG_WARN_DIRECT_OBJC_ISA_USAGE = YES_ERROR;
				CLANG_WARN_DOCUMENTATION_COMMENTS = YES;
				CLANG_WARN_EMPTY_BODY = YES;
				CLANG_WARN_ENUM_CONVERSION = YES;
				CLANG_WARN_INFINITE_RECURSION = YES;
				CLANG_WARN_INT_CONVERSION = YES;
				CLANG_WARN_NON_LITERAL_NULL_CONVERSION = YES;
				CLANG_WARN_OBJC_IMPLICIT_RETAIN_SELF = YES;
				CLANG_WARN_OBJC_LITERAL_CONVERSION = YES;
				CLANG_WARN_OBJC_ROOT_CLASS = YES_ERROR;
				CLANG_WARN_RANGE_LOOP_ANALYSIS = YES;
				CLANG_WARN_STRICT_PROTOTYPES = YES;
				CLANG_WARN_SUSPICIOUS_MOVE = YES;
				CLANG_WARN_UNGUARDED_AVAILABILITY = YES_AGGRESSIVE;
				CLANG_WARN_UNREACHABLE_CODE = YES;
				CLANG_WARN__DUPLICATE_METHOD_MATCH = YES;
				CODE_SIGN_IDENTITY = "iPhone Developer";
				COPY_PHASE_STRIP = NO;
				CURRENT_PROJECT_VERSION = 1;
				DEBUG_INFORMATION_FORMAT = dwarf;
				ENABLE_STRICT_OBJC_MSGSEND = YES;
				ENABLE_TESTABILITY = YES;
				GCC_C_LANGUAGE_STANDARD = gnu11;
				GCC_DYNAMIC_NO_PIC = NO;
				GCC_NO_COMMON_BLOCKS = YES;
				GCC_OPTIMIZATION_LEVEL = 0;
				GCC_PREPROCESSOR_DEFINITIONS = (
					"DEBUG=1",
					"$(inherited)",
				);
				GCC_WARN_64_TO_32_BIT_CONVERSION = YES;
				GCC_WARN_ABOUT_RETURN_TYPE = YES_ERROR;
				GCC_WARN_UNDECLARED_SELECTOR = YES;
				GCC_WARN_UNINITIALIZED_AUTOS = YES_AGGRESSIVE;
				GCC_WARN_UNUSED_FUNCTION = YES;
				GCC_WARN_UNUSED_VARIABLE = YES;
				IPHONEOS_DEPLOYMENT_TARGET = 11.2;
				MTL_ENABLE_DEBUG_INFO = YES;
				ONLY_ACTIVE_ARCH = YES;
				SDKROOT = iphoneos;
				SWIFT_ACTIVE_COMPILATION_CONDITIONS = DEBUG;
				SWIFT_OPTIMIZATION_LEVEL = "-Onone";
				VERSIONING_SYSTEM = "apple-generic";
				VERSION_INFO_PREFIX = "";
			};
			name = Debug;
		};
		CA31366720340C0100BFE06A /* Release */ = {
			isa = XCBuildConfiguration;
			buildSettings = {
				ALWAYS_SEARCH_USER_PATHS = NO;
				CLANG_ANALYZER_NONNULL = YES;
				CLANG_ANALYZER_NUMBER_OBJECT_CONVERSION = YES_AGGRESSIVE;
				CLANG_CXX_LANGUAGE_STANDARD = "gnu++14";
				CLANG_CXX_LIBRARY = "libc++";
				CLANG_ENABLE_MODULES = YES;
				CLANG_ENABLE_OBJC_ARC = YES;
				CLANG_WARN_BLOCK_CAPTURE_AUTORELEASING = YES;
				CLANG_WARN_BOOL_CONVERSION = YES;
				CLANG_WARN_COMMA = YES;
				CLANG_WARN_CONSTANT_CONVERSION = YES;
				CLANG_WARN_DEPRECATED_OBJC_IMPLEMENTATIONS = YES;
				CLANG_WARN_DIRECT_OBJC_ISA_USAGE = YES_ERROR;
				CLANG_WARN_DOCUMENTATION_COMMENTS = YES;
				CLANG_WARN_EMPTY_BODY = YES;
				CLANG_WARN_ENUM_CONVERSION = YES;
				CLANG_WARN_INFINITE_RECURSION = YES;
				CLANG_WARN_INT_CONVERSION = YES;
				CLANG_WARN_NON_LITERAL_NULL_CONVERSION = YES;
				CLANG_WARN_OBJC_IMPLICIT_RETAIN_SELF = YES;
				CLANG_WARN_OBJC_LITERAL_CONVERSION = YES;
				CLANG_WARN_OBJC_ROOT_CLASS = YES_ERROR;
				CLANG_WARN_RANGE_LOOP_ANALYSIS = YES;
				CLANG_WARN_STRICT_PROTOTYPES = YES;
				CLANG_WARN_SUSPICIOUS_MOVE = YES;
				CLANG_WARN_UNGUARDED_AVAILABILITY = YES_AGGRESSIVE;
				CLANG_WARN_UNREACHABLE_CODE = YES;
				CLANG_WARN__DUPLICATE_METHOD_MATCH = YES;
				CODE_SIGN_IDENTITY = "iPhone Developer";
				COPY_PHASE_STRIP = NO;
				CURRENT_PROJECT_VERSION = 1;
				DEBUG_INFORMATION_FORMAT = "dwarf-with-dsym";
				ENABLE_NS_ASSERTIONS = NO;
				ENABLE_STRICT_OBJC_MSGSEND = YES;
				GCC_C_LANGUAGE_STANDARD = gnu11;
				GCC_NO_COMMON_BLOCKS = YES;
				GCC_WARN_64_TO_32_BIT_CONVERSION = YES;
				GCC_WARN_ABOUT_RETURN_TYPE = YES_ERROR;
				GCC_WARN_UNDECLARED_SELECTOR = YES;
				GCC_WARN_UNINITIALIZED_AUTOS = YES_AGGRESSIVE;
				GCC_WARN_UNUSED_FUNCTION = YES;
				GCC_WARN_UNUSED_VARIABLE = YES;
				IPHONEOS_DEPLOYMENT_TARGET = 11.2;
				MTL_ENABLE_DEBUG_INFO = NO;
				SDKROOT = iphoneos;
				SWIFT_OPTIMIZATION_LEVEL = "-Owholemodule";
				VALIDATE_PRODUCT = YES;
				VERSIONING_SYSTEM = "apple-generic";
				VERSION_INFO_PREFIX = "";
			};
			name = Release;
		};
		CA31366920340C0100BFE06A /* Debug */ = {
			isa = XCBuildConfiguration;
			buildSettings = {
				CLANG_ENABLE_MODULES = YES;
				CODE_SIGN_IDENTITY = "";
				CODE_SIGN_STYLE = Automatic;
				DEFINES_MODULE = YES;
				DEVELOPMENT_TEAM = 5379FMQDE5;
				DYLIB_COMPATIBILITY_VERSION = 1;
				DYLIB_CURRENT_VERSION = 1;
				DYLIB_INSTALL_NAME_BASE = "@rpath";
				ENABLE_STRICT_OBJC_MSGSEND = NO;
				FRAMEWORK_SEARCH_PATHS = "$(SRCROOT)/../Carthage/Build/iOS";
				INFOPLIST_FILE = DeclareLayoutSwift/Info.plist;
				INSTALL_PATH = "$(LOCAL_LIBRARY_DIR)/Frameworks";
				LD_RUNPATH_SEARCH_PATHS = "$(inherited) @executable_path/Frameworks @loader_path/Frameworks";
				PRODUCT_BUNDLE_IDENTIFIER = com.yasoon.DeclareLayoutSwift;
				PRODUCT_NAME = "$(TARGET_NAME:c99extidentifier)";
				SKIP_INSTALL = YES;
				SWIFT_OPTIMIZATION_LEVEL = "-Onone";
				SWIFT_VERSION = 4.0;
				TARGETED_DEVICE_FAMILY = "1,2";
			};
			name = Debug;
		};
		CA31366A20340C0100BFE06A /* Release */ = {
			isa = XCBuildConfiguration;
			buildSettings = {
				CLANG_ENABLE_MODULES = YES;
				CODE_SIGN_IDENTITY = "";
				CODE_SIGN_STYLE = Automatic;
				DEFINES_MODULE = YES;
				DEVELOPMENT_TEAM = 5379FMQDE5;
				DYLIB_COMPATIBILITY_VERSION = 1;
				DYLIB_CURRENT_VERSION = 1;
				DYLIB_INSTALL_NAME_BASE = "@rpath";
				ENABLE_STRICT_OBJC_MSGSEND = NO;
				FRAMEWORK_SEARCH_PATHS = "$(SRCROOT)/../Carthage/Build/iOS";
				INFOPLIST_FILE = DeclareLayoutSwift/Info.plist;
				INSTALL_PATH = "$(LOCAL_LIBRARY_DIR)/Frameworks";
				LD_RUNPATH_SEARCH_PATHS = "$(inherited) @executable_path/Frameworks @loader_path/Frameworks";
				PRODUCT_BUNDLE_IDENTIFIER = com.yasoon.DeclareLayoutSwift;
				PRODUCT_NAME = "$(TARGET_NAME:c99extidentifier)";
				SKIP_INSTALL = YES;
				SWIFT_VERSION = 4.0;
				TARGETED_DEVICE_FAMILY = "1,2";
			};
			name = Release;
		};
/* End XCBuildConfiguration section */

/* Begin XCConfigurationList section */
		CA31365A20340C0100BFE06A /* Build configuration list for PBXProject "DeclareLayoutSwift" */ = {
			isa = XCConfigurationList;
			buildConfigurations = (
				CA31366620340C0100BFE06A /* Debug */,
				CA31366720340C0100BFE06A /* Release */,
			);
			defaultConfigurationIsVisible = 0;
			defaultConfigurationName = Release;
		};
		CA31366820340C0100BFE06A /* Build configuration list for PBXNativeTarget "DeclareLayoutSwift" */ = {
			isa = XCConfigurationList;
			buildConfigurations = (
				CA31366920340C0100BFE06A /* Debug */,
				CA31366A20340C0100BFE06A /* Release */,
			);
			defaultConfigurationIsVisible = 0;
			defaultConfigurationName = Release;
		};
/* End XCConfigurationList section */
	};
	rootObject = CA31365720340C0100BFE06A /* Project object */;
}
